
Microsoft Visual Studio Solution File, Format Version 12.00
# Visual Studio Version 17
VisualStudioVersion = 17.8.34330.188
MinimumVisualStudioVersion = 10.0.40219.1
Project("{9A19103F-16F7-4668-BE54-9A1E7A4F7556}") = "DemoGenerator", "DemoGenerator\DemoGenerator.csproj", "{93D0E438-57E0-4889-B2FE-D73BE7DAEDD7}"
EndProject
Project("{9A19103F-16F7-4668-BE54-9A1E7A4F7556}") = "Incremental_Generator_Demo", "Incremental_Generator_Demo\Incremental_Generator_Demo.csproj", "{0B263AF7-BD2A-4EEF-914E-8CF39549864F}"
EndProject
Project("{FAE04EC0-301F-11D3-BF4B-00C04F79EFBC}") = "DemoAttirbute", "DemoAttirbute\DemoAttirbute.csproj", "{4EB19DF7-4AE7-44F8-95A6-AFA93B0A1E0B}"
EndProject
Global
	GlobalSection(SolutionConfigurationPlatforms) = preSolution
		Debug|Any CPU = Debug|Any CPU
		Release|Any CPU = Release|Any CPU
	EndGlobalSection
	GlobalSection(ProjectConfigurationPlatforms) = postSolution
		{93D0E438-57E0-4889-B2FE-D73BE7DAEDD7}.Debug|Any CPU.ActiveCfg = Debug|Any CPU
		{93D0E438-57E0-4889-B2FE-D73BE7DAEDD7}.Debug|Any CPU.Build.0 = Debug|Any CPU
		{93D0E438-57E0-4889-B2FE-D73BE7DAEDD7}.Release|Any CPU.ActiveCfg = Release|Any CPU
		{93D0E438-57E0-4889-B2FE-D73BE7DAEDD7}.Release|Any CPU.Build.0 = Release|Any CPU
		{0B263AF7-BD2A-4EEF-914E-8CF39549864F}.Debug|Any CPU.ActiveCfg = Debug|Any CPU
		{0B263AF7-BD2A-4EEF-914E-8CF39549864F}.Debug|Any CPU.Build.0 = Debug|Any CPU
		{0B263AF7-BD2A-4EEF-914E-8CF39549864F}.Release|Any CPU.ActiveCfg = Release|Any CPU
		{0B263AF7-BD2A-4EEF-914E-8CF39549864F}.Release|Any CPU.Build.0 = Release|Any CPU
		{4EB19DF7-4AE7-44F8-95A6-AFA93B0A1E0B}.Debug|Any CPU.ActiveCfg = Debug|Any CPU
		{4EB19DF7-4AE7-44F8-95A6-AFA93B0A1E0B}.Debug|Any CPU.Build.0 = Debug|Any CPU
		{4EB19DF7-4AE7-44F8-95A6-AFA93B0A1E0B}.Release|Any CPU.ActiveCfg = Release|Any CPU
		{4EB19DF7-4AE7-44F8-95A6-AFA93B0A1E0B}.Release|Any CPU.Build.0 = Release|Any CPU
	EndGlobalSection
	GlobalSection(SolutionProperties) = preSolution
		HideSolutionNode = FALSE
	EndGlobalSection
EndGlobal
